
Microsoft Visual Studio Solution File, Format Version 12.00
# Visual Studio Version 18
VisualStudioVersion = 18.5.11723.231
MinimumVisualStudioVersion = 10.0.40219.1
Project("{2150E333-8FDC-42A3-9474-1A3956D46DE8}") = "Src", "Src", "{827E0CD3-B72D-47B6-A68D-7590B98EB39B}"
EndProject
Project("{FAE04EC0-301F-11D3-BF4B-00C04F79EFBC}") = "Api", "Src\Api\Api.csproj", "{A6714C68-4445-4406-8281-DCFB329076B2}"
EndProject
Project("{FAE04EC0-301F-11D3-BF4B-00C04F79EFBC}") = "Application", "Src\Application\Application.csproj", "{609BC24B-D874-431E-BA8C-45601C6AB499}"
EndProject
Project("{FAE04EC0-301F-11D3-BF4B-00C04F79EFBC}") = "Domain", "Src\Domain\Domain.csproj", "{C0B7E1E3-71C1-424B-8A02-D0E6C1C412A4}"
EndProject
Project("{FAE04EC0-301F-11D3-BF4B-00C04F79EFBC}") = "Infraestructure", "Src\Infraestructure\Infraestructure.csproj", "{55A26D46-AC15-490F-B0F6-EE3850655651}"
EndProject
Global
	GlobalSection(SolutionConfigurationPlatforms) = preSolution
		Debug|Any CPU = Debug|Any CPU
		Debug|x64 = Debug|x64
		Debug|x86 = Debug|x86
		Release|Any CPU = Release|Any CPU
		Release|x64 = Release|x64
		Release|x86 = Release|x86
	EndGlobalSection
	GlobalSection(ProjectConfigurationPlatforms) = postSolution
		{A6714C68-4445-4406-8281-DCFB329076B2}.Debug|Any CPU.ActiveCfg = Debug|Any CPU
		{A6714C68-4445-4406-8281-DCFB329076B2}.Debug|Any CPU.Build.0 = Debug|Any CPU
		{A6714C68-4445-4406-8281-DCFB329076B2}.Debug|x64.ActiveCfg = Debug|Any CPU
		{A6714C68-4445-4406-8281-DCFB329076B2}.Debug|x64.Build.0 = Debug|Any CPU
		{A6714C68-4445-4406-8281-DCFB329076B2}.Debug|x86.ActiveCfg = Debug|Any CPU
		{A6714C68-4445-4406-8281-DCFB329076B2}.Debug|x86.Build.0 = Debug|Any CPU
		{A6714C68-4445-4406-8281-DCFB329076B2}.Release|Any CPU.ActiveCfg = Release|Any CPU
		{A6714C68-4445-4406-8281-DCFB329076B2}.Release|Any CPU.Build.0 = Release|Any CPU
		{A6714C68-4445-4406-8281-DCFB329076B2}.Release|x64.ActiveCfg = Release|Any CPU
		{A6714C68-4445-4406-8281-DCFB329076B2}.Release|x64.Build.0 = Release|Any CPU
		{A6714C68-4445-4406-8281-DCFB329076B2}.Release|x86.ActiveCfg = Release|Any CPU
		{A6714C68-4445-4406-8281-DCFB329076B2}.Release|x86.Build.0 = Release|Any CPU
		{609BC24B-D874-431E-BA8C-45601C6AB499}.Debug|Any CPU.ActiveCfg = Debug|Any CPU
		{609BC24B-D874-431E-BA8C-45601C6AB499}.Debug|Any CPU.Build.0 = Debug|Any CPU
		{609BC24B-D874-431E-BA8C-45601C6AB499}.Debug|x64.ActiveCfg = Debug|Any CPU
		{609BC24B-D874-431E-BA8C-45601C6AB499}.Debug|x64.Build.0 = Debug|Any CPU
		{609BC24B-D874-431E-BA8C-45601C6AB499}.Debug|x86.ActiveCfg = Debug|Any CPU
		{609BC24B-D874-431E-BA8C-45601C6AB499}.Debug|x86.Build.0 = Debug|Any CPU
		{609BC24B-D874-431E-BA8C-45601C6AB499}.Release|Any CPU.ActiveCfg = Release|Any CPU
		{609BC24B-D874-431E-BA8C-45601C6AB499}.Release|Any CPU.Build.0 = Release|Any CPU
		{609BC24B-D874-431E-BA8C-45601C6AB499}.Release|x64.ActiveCfg = Release|Any CPU
		{609BC24B-D874-431E-BA8C-45601C6AB499}.Release|x64.Build.0 = Release|Any CPU
		{609BC24B-D874-431E-BA8C-45601C6AB499}.Release|x86.ActiveCfg = Release|Any CPU
		{609BC24B-D874-431E-BA8C-45601C6AB499}.Release|x86.Build.0 = Release|Any CPU
		{C0B7E1E3-71C1-424B-8A02-D0E6C1C412A4}.Debug|Any CPU.ActiveCfg = Debug|Any CPU
		{C0B7E1E3-71C1-424B-8A02-D0E6C1C412A4}.Debug|Any CPU.Build.0 = Debug|Any CPU
		{C0B7E1E3-71C1-424B-8A02-D0E6C1C412A4}.Debug|x64.ActiveCfg = Debug|Any CPU
		{C0B7E1E3-71C1-424B-8A02-D0E6C1C412A4}.Debug|x64.Build.0 = Debug|Any CPU
		{C0B7E1E3-71C1-424B-8A02-D0E6C1C412A4}.Debug|x86.ActiveCfg = Debug|Any CPU
		{C0B7E1E3-71C1-424B-8A02-D0E6C1C412A4}.Debug|x86.Build.0 = Debug|Any CPU
		{C0B7E1E3-71C1-424B-8A02-D0E6C1C412A4}.Release|Any CPU.ActiveCfg = Release|Any CPU
		{C0B7E1E3-71C1-424B-8A02-D0E6C1C412A4}.Release|Any CPU.Build.0 = Release|Any CPU
		{C0B7E1E3-71C1-424B-8A02-D0E6C1C412A4}.Release|x64.ActiveCfg = Release|Any CPU
		{C0B7E1E3-71C1-424B-8A02-D0E6C1C412A4}.Release|x64.Build.0 = Release|Any CPU
		{C0B7E1E3-71C1-424B-8A02-D0E6C1C412A4}.Release|x86.ActiveCfg = Release|Any CPU
		{C0B7E1E3-71C1-424B-8A02-D0E6C1C412A4}.Release|x86.Build.0 = Release|Any CPU
		{55A26D46-AC15-490F-B0F6-EE3850655651}.Debug|Any CPU.ActiveCfg = Debug|Any CPU
		{55A26D46-AC15-490F-B0F6-EE3850655651}.Debug|Any CPU.Build.0 = Debug|Any CPU
		{55A26D46-AC15-490F-B0F6-EE3850655651}.Debug|x64.ActiveCfg = Debug|Any CPU
		{55A26D46-AC15-490F-B0F6-EE3850655651}.Debug|x64.Build.0 = Debug|Any CPU
		{55A26D46-AC15-490F-B0F6-EE3850655651}.Debug|x86.ActiveCfg = Debug|Any CPU
		{55A26D46-AC15-490F-B0F6-EE3850655651}.Debug|x86.Build.0 = Debug|Any CPU
		{55A26D46-AC15-490F-B0F6-EE3850655651}.Release|Any CPU.ActiveCfg = Release|Any CPU
		{55A26D46-AC15-490F-B0F6-EE3850655651}.Release|Any CPU.Build.0 = Release|Any CPU
		{55A26D46-AC15-490F-B0F6-EE3850655651}.Release|x64.ActiveCfg = Release|Any CPU
		{55A26D46-AC15-490F-B0F6-EE3850655651}.Release|x64.Build.0 = Release|Any CPU
		{55A26D46-AC15-490F-B0F6-EE3850655651}.Release|x86.ActiveCfg = Release|Any CPU
		{55A26D46-AC15-490F-B0F6-EE3850655651}.Release|x86.Build.0 = Release|Any CPU
	EndGlobalSection
	GlobalSection(SolutionProperties) = preSolution
		HideSolutionNode = FALSE
	EndGlobalSection
	GlobalSection(NestedProjects) = preSolution
		{A6714C68-4445-4406-8281-DCFB329076B2} = {827E0CD3-B72D-47B6-A68D-7590B98EB39B}
		{609BC24B-D874-431E-BA8C-45601C6AB499} = {827E0CD3-B72D-47B6-A68D-7590B98EB39B}
		{C0B7E1E3-71C1-424B-8A02-D0E6C1C412A4} = {827E0CD3-B72D-47B6-A68D-7590B98EB39B}
		{55A26D46-AC15-490F-B0F6-EE3850655651} = {827E0CD3-B72D-47B6-A68D-7590B98EB39B}
	EndGlobalSection
	GlobalSection(ExtensibilityGlobals) = postSolution
		SolutionGuid = {C8F0A379-6476-457C-9421-E1A7F68A4485}
	EndGlobalSection
EndGlobal
