
Microsoft Visual Studio Solution File, Format Version 12.00
# Visual Studio Version 18
VisualStudioVersion = 18.5.11723.231 stable
MinimumVisualStudioVersion = 10.0.40219.1
Project("{FAE04EC0-301F-11D3-BF4B-00C04F79EFBC}") = "Gateway", "Gateway.csproj", "{94112108-F8DF-5F33-FCC7-943C584AEA0E}"
EndProject
Global
	GlobalSection(SolutionConfigurationPlatforms) = preSolution
		Debug|Any CPU = Debug|Any CPU
		Release|Any CPU = Release|Any CPU
	EndGlobalSection
	GlobalSection(ProjectConfigurationPlatforms) = postSolution
		{94112108-F8DF-5F33-FCC7-943C584AEA0E}.Debug|Any CPU.ActiveCfg = Debug|Any CPU
		{94112108-F8DF-5F33-FCC7-943C584AEA0E}.Debug|Any CPU.Build.0 = Debug|Any CPU
		{94112108-F8DF-5F33-FCC7-943C584AEA0E}.Release|Any CPU.ActiveCfg = Release|Any CPU
		{94112108-F8DF-5F33-FCC7-943C584AEA0E}.Release|Any CPU.Build.0 = Release|Any CPU
	EndGlobalSection
	GlobalSection(SolutionProperties) = preSolution
		HideSolutionNode = FALSE
	EndGlobalSection
	GlobalSection(ExtensibilityGlobals) = postSolution
		SolutionGuid = {0FA0B017-E15A-4A6C-A00C-20399727339F}
	EndGlobalSection
EndGlobal
